
Microsoft Visual Studio Solution File, Format Version 12.00
# Visual Studio Version 17
VisualStudioVersion = 17.7.34018.315
MinimumVisualStudioVersion = 10.0.40219.1
Project("{9A19103F-16F7-4668-BE54-9A1E7A4F7556}") = "ZODs.Api", "API\ZODs.Api\ZODs.Api.csproj", "{FA042762-C75C-4316-9ECB-6B17A2EE6126}"
EndProject
Project("{E53339B2-1760-4266-BCC7-CA923CBCF16C}") = "docker-compose", "docker-compose.dcproj", "{78A8B438-9799-4C3D-A7F6-2E53E1F6EB08}"
EndProject
Project("{2150E333-8FDC-42A3-9474-1A3956D46DE8}") = "API", "API", "{3EC21356-B61A-4951-9829-38A1D3BB5FB6}"
EndProject
Project("{9A19103F-16F7-4668-BE54-9A1E7A4F7556}") = "ZODs.Api.Service", "API\ZODs.Api.Service\ZODs.Api.Service.csproj", "{04CF96DF-5C32-4D95-BAB8-6D8B0ADBB7A7}"
EndProject
Project("{9A19103F-16F7-4668-BE54-9A1E7A4F7556}") = "ZODs.Api.Repository", "API\ZODs.Api.Repository\ZODs.Api.Repository.csproj", "{BE7803CF-BD05-4470-B21F-1B6ED24C1D33}"
EndProject
Project("{9A19103F-16F7-4668-BE54-9A1E7A4F7556}") = "ZODs.Api.Common", "API\ZODs.Api.Common\ZODs.Api.Common.csproj", "{13756366-8A4F-47D7-9CEC-2394E1478E0E}"
EndProject
Project("{2150E333-8FDC-42A3-9474-1A3956D46DE8}") = "Common", "Common", "{C3EDBAD2-535A-40F8-82B3-C2DACB077EFC}"
EndProject
Project("{9A19103F-16F7-4668-BE54-9A1E7A4F7556}") = "ZODs.Common", "Common\ZODs.Common\ZODs.Common.csproj", "{10E07E82-2B17-41D4-AF6F-20E75BFB9286}"
EndProject
Project("{9A19103F-16F7-4668-BE54-9A1E7A4F7556}") = "ZODs.Api.Identity", "API\ZODs.Api.Identity\ZODs.Api.Identity.csproj", "{921707FB-AE64-44F2-B8E1-B3920B321401}"
EndProject
Project("{9A19103F-16F7-4668-BE54-9A1E7A4F7556}") = "ZODs.Api.Repository.Entities", "API\ZODs.Api.Repository.Entities\ZODs.Api.Repository.Entities.csproj", "{EEA4AFE6-46AC-4E91-8516-A08AB2503418}"
EndProject
Project("{2150E333-8FDC-42A3-9474-1A3956D46DE8}") = "Solution Items", "Solution Items", "{BDB5E02A-18E6-4667-A939-2C54C1580A67}"
EndProject
Project("{2150E333-8FDC-42A3-9474-1A3956D46DE8}") = "Payment", "Payment", "{8D64F4AC-E51B-490A-880E-F4B6842A0264}"
EndProject
Project("{9A19103F-16F7-4668-BE54-9A1E7A4F7556}") = "ZODs.Payment", "Payment\ZODs.Payment\ZODs.Payment.csproj", "{400181A6-F75E-43A0-AC71-D914913D8506}"
EndProject
Project("{2150E333-8FDC-42A3-9474-1A3956D46DE8}") = "AI", "AI", "{42D585CE-38CB-4B90-8C55-B205995EDACE}"
EndProject
Project("{9A19103F-16F7-4668-BE54-9A1E7A4F7556}") = "ZODs.AI.OpenAI", "AI\ZODs.AI.OpenAI\ZODs.AI.OpenAI.csproj", "{2D353750-DC76-446A-B707-057557E6E4D2}"
EndProject
Project("{9A19103F-16F7-4668-BE54-9A1E7A4F7556}") = "ZODs.AI.Google", "AI\ZODs.AI.GoogleCodey\ZODs.AI.Google.csproj", "{7B989757-9C86-4FFB-B72B-27A034E6E9CE}"
EndProject
Project("{9A19103F-16F7-4668-BE54-9A1E7A4F7556}") = "ZODs.AI.Common", "AI\ZODs.AI.Common\ZODs.AI.Common.csproj", "{3D48D78C-9263-4BAE-8BD8-15FB1A48C0AF}"
EndProject
Project("{9A19103F-16F7-4668-BE54-9A1E7A4F7556}") = "ZODs.AI.Together", "AI\ZODs.AI.Together\ZODs.AI.Together.csproj", "{A52E98F1-745A-4D07-92DB-24071C8712AA}"
EndProject
Global
	GlobalSection(SolutionConfigurationPlatforms) = preSolution
		Debug|Any CPU = Debug|Any CPU
		Release|Any CPU = Release|Any CPU
	EndGlobalSection
	GlobalSection(ProjectConfigurationPlatforms) = postSolution
		{FA042762-C75C-4316-9ECB-6B17A2EE6126}.Debug|Any CPU.ActiveCfg = Debug|Any CPU
		{FA042762-C75C-4316-9ECB-6B17A2EE6126}.Debug|Any CPU.Build.0 = Debug|Any CPU
		{FA042762-C75C-4316-9ECB-6B17A2EE6126}.Release|Any CPU.ActiveCfg = Release|Any CPU
		{FA042762-C75C-4316-9ECB-6B17A2EE6126}.Release|Any CPU.Build.0 = Release|Any CPU
		{78A8B438-9799-4C3D-A7F6-2E53E1F6EB08}.Debug|Any CPU.ActiveCfg = Debug|Any CPU
		{78A8B438-9799-4C3D-A7F6-2E53E1F6EB08}.Debug|Any CPU.Build.0 = Debug|Any CPU
		{78A8B438-9799-4C3D-A7F6-2E53E1F6EB08}.Release|Any CPU.ActiveCfg = Release|Any CPU
		{78A8B438-9799-4C3D-A7F6-2E53E1F6EB08}.Release|Any CPU.Build.0 = Release|Any CPU
		{04CF96DF-5C32-4D95-BAB8-6D8B0ADBB7A7}.Debug|Any CPU.ActiveCfg = Debug|Any CPU
		{04CF96DF-5C32-4D95-BAB8-6D8B0ADBB7A7}.Debug|Any CPU.Build.0 = Debug|Any CPU
		{04CF96DF-5C32-4D95-BAB8-6D8B0ADBB7A7}.Release|Any CPU.ActiveCfg = Release|Any CPU
		{04CF96DF-5C32-4D95-BAB8-6D8B0ADBB7A7}.Release|Any CPU.Build.0 = Release|Any CPU
		{BE7803CF-BD05-4470-B21F-1B6ED24C1D33}.Debug|Any CPU.ActiveCfg = Debug|Any CPU
		{BE7803CF-BD05-4470-B21F-1B6ED24C1D33}.Debug|Any CPU.Build.0 = Debug|Any CPU
		{BE7803CF-BD05-4470-B21F-1B6ED24C1D33}.Release|Any CPU.ActiveCfg = Release|Any CPU
		{BE7803CF-BD05-4470-B21F-1B6ED24C1D33}.Release|Any CPU.Build.0 = Release|Any CPU
		{13756366-8A4F-47D7-9CEC-2394E1478E0E}.Debug|Any CPU.ActiveCfg = Debug|Any CPU
		{13756366-8A4F-47D7-9CEC-2394E1478E0E}.Debug|Any CPU.Build.0 = Debug|Any CPU
		{13756366-8A4F-47D7-9CEC-2394E1478E0E}.Release|Any CPU.ActiveCfg = Release|Any CPU
		{13756366-8A4F-47D7-9CEC-2394E1478E0E}.Release|Any CPU.Build.0 = Release|Any CPU
		{10E07E82-2B17-41D4-AF6F-20E75BFB9286}.Debug|Any CPU.ActiveCfg = Debug|Any CPU
		{10E07E82-2B17-41D4-AF6F-20E75BFB9286}.Debug|Any CPU.Build.0 = Debug|Any CPU
		{10E07E82-2B17-41D4-AF6F-20E75BFB9286}.Release|Any CPU.ActiveCfg = Release|Any CPU
		{10E07E82-2B17-41D4-AF6F-20E75BFB9286}.Release|Any CPU.Build.0 = Release|Any CPU
		{921707FB-AE64-44F2-B8E1-B3920B321401}.Debug|Any CPU.ActiveCfg = Debug|Any CPU
		{921707FB-AE64-44F2-B8E1-B3920B321401}.Debug|Any CPU.Build.0 = Debug|Any CPU
		{921707FB-AE64-44F2-B8E1-B3920B321401}.Release|Any CPU.ActiveCfg = Release|Any CPU
		{921707FB-AE64-44F2-B8E1-B3920B321401}.Release|Any CPU.Build.0 = Release|Any CPU
		{EEA4AFE6-46AC-4E91-8516-A08AB2503418}.Debug|Any CPU.ActiveCfg = Debug|Any CPU
		{EEA4AFE6-46AC-4E91-8516-A08AB2503418}.Debug|Any CPU.Build.0 = Debug|Any CPU
		{EEA4AFE6-46AC-4E91-8516-A08AB2503418}.Release|Any CPU.ActiveCfg = Release|Any CPU
		{EEA4AFE6-46AC-4E91-8516-A08AB2503418}.Release|Any CPU.Build.0 = Release|Any CPU
		{400181A6-F75E-43A0-AC71-D914913D8506}.Debug|Any CPU.ActiveCfg = Debug|Any CPU
		{400181A6-F75E-43A0-AC71-D914913D8506}.Debug|Any CPU.Build.0 = Debug|Any CPU
		{400181A6-F75E-43A0-AC71-D914913D8506}.Release|Any CPU.ActiveCfg = Release|Any CPU
		{400181A6-F75E-43A0-AC71-D914913D8506}.Release|Any CPU.Build.0 = Release|Any CPU
		{2D353750-DC76-446A-B707-057557E6E4D2}.Debug|Any CPU.ActiveCfg = Debug|Any CPU
		{2D353750-DC76-446A-B707-057557E6E4D2}.Debug|Any CPU.Build.0 = Debug|Any CPU
		{2D353750-DC76-446A-B707-057557E6E4D2}.Release|Any CPU.ActiveCfg = Release|Any CPU
		{2D353750-DC76-446A-B707-057557E6E4D2}.Release|Any CPU.Build.0 = Release|Any CPU
		{7B989757-9C86-4FFB-B72B-27A034E6E9CE}.Debug|Any CPU.ActiveCfg = Debug|Any CPU
		{7B989757-9C86-4FFB-B72B-27A034E6E9CE}.Debug|Any CPU.Build.0 = Debug|Any CPU
		{7B989757-9C86-4FFB-B72B-27A034E6E9CE}.Release|Any CPU.ActiveCfg = Release|Any CPU
		{7B989757-9C86-4FFB-B72B-27A034E6E9CE}.Release|Any CPU.Build.0 = Release|Any CPU
		{3D48D78C-9263-4BAE-8BD8-15FB1A48C0AF}.Debug|Any CPU.ActiveCfg = Debug|Any CPU
		{3D48D78C-9263-4BAE-8BD8-15FB1A48C0AF}.Debug|Any CPU.Build.0 = Debug|Any CPU
		{3D48D78C-9263-4BAE-8BD8-15FB1A48C0AF}.Release|Any CPU.ActiveCfg = Release|Any CPU
		{3D48D78C-9263-4BAE-8BD8-15FB1A48C0AF}.Release|Any CPU.Build.0 = Release|Any CPU
		{A52E98F1-745A-4D07-92DB-24071C8712AA}.Debug|Any CPU.ActiveCfg = Debug|Any CPU
		{A52E98F1-745A-4D07-92DB-24071C8712AA}.Debug|Any CPU.Build.0 = Debug|Any CPU
		{A52E98F1-745A-4D07-92DB-24071C8712AA}.Release|Any CPU.ActiveCfg = Release|Any CPU
		{A52E98F1-745A-4D07-92DB-24071C8712AA}.Release|Any CPU.Build.0 = Release|Any CPU
	EndGlobalSection
	GlobalSection(SolutionProperties) = preSolution
		HideSolutionNode = FALSE
	EndGlobalSection
	GlobalSection(NestedProjects) = preSolution
		{FA042762-C75C-4316-9ECB-6B17A2EE6126} = {3EC21356-B61A-4951-9829-38A1D3BB5FB6}
		{04CF96DF-5C32-4D95-BAB8-6D8B0ADBB7A7} = {3EC21356-B61A-4951-9829-38A1D3BB5FB6}
		{BE7803CF-BD05-4470-B21F-1B6ED24C1D33} = {3EC21356-B61A-4951-9829-38A1D3BB5FB6}
		{13756366-8A4F-47D7-9CEC-2394E1478E0E} = {3EC21356-B61A-4951-9829-38A1D3BB5FB6}
		{10E07E82-2B17-41D4-AF6F-20E75BFB9286} = {C3EDBAD2-535A-40F8-82B3-C2DACB077EFC}
		{921707FB-AE64-44F2-B8E1-B3920B321401} = {3EC21356-B61A-4951-9829-38A1D3BB5FB6}
		{EEA4AFE6-46AC-4E91-8516-A08AB2503418} = {3EC21356-B61A-4951-9829-38A1D3BB5FB6}
		{400181A6-F75E-43A0-AC71-D914913D8506} = {8D64F4AC-E51B-490A-880E-F4B6842A0264}
		{2D353750-DC76-446A-B707-057557E6E4D2} = {42D585CE-38CB-4B90-8C55-B205995EDACE}
		{7B989757-9C86-4FFB-B72B-27A034E6E9CE} = {42D585CE-38CB-4B90-8C55-B205995EDACE}
		{3D48D78C-9263-4BAE-8BD8-15FB1A48C0AF} = {42D585CE-38CB-4B90-8C55-B205995EDACE}
		{A52E98F1-745A-4D07-92DB-24071C8712AA} = {42D585CE-38CB-4B90-8C55-B205995EDACE}
	EndGlobalSection
	GlobalSection(ExtensibilityGlobals) = postSolution
		SolutionGuid = {1EB34196-47EF-4EEB-89B6-3A217DA463FA}
	EndGlobalSection
EndGlobal
